PODS:
  - GoogleMaps (2.1.1):
    - GoogleMaps/Maps (= 2.1.1)
  - GoogleMaps/Base (2.1.1)
  - GoogleMaps/Maps (2.1.1):
    - GoogleMaps/Base
  - PocketSocket (1.0.1):
    - PocketSocket/Client (= 1.0.1)
    - PocketSocket/Core (= 1.0.1)
    - PocketSocket/Server (= 1.0.1)
  - PocketSocket/Client (1.0.1):
    - PocketSocket/Core
  - PocketSocket/Core (1.0.1)
  - PocketSocket/Server (1.0.1):
    - PocketSocket/Client

DEPENDENCIES:
  - GoogleMaps
  - PocketSocket (from `https://github.com/NathanaelA/PocketSocket`)

EXTERNAL SOURCES:
  PocketSocket:
    :git: https://github.com/NathanaelA/PocketSocket

CHECKOUT OPTIONS:
  PocketSocket:
    :commit: b4579b39d0de3a771148e89d3fa27a5787833b70
    :git: https://github.com/NathanaelA/PocketSocket

SPEC CHECKSUMS:
  GoogleMaps: a5b5bbe47734e2443bde781a6aa64e69fdb6d785
  PocketSocket: ed13efbabd383b065fb9ac79f8d1204f0121a745

PODFILE CHECKSUM: 28e32bb2c7d198456c3193afc4787053c3b00d3d

COCOAPODS: 1.1.1
